
Microsoft Visual Studio Solution File, Format Version 12.00
# Visual Studio Version 17
VisualStudioVersion = 17.13.35825.156 d17.13
MinimumVisualStudioVersion = 10.0.40219.1
Project("{FAE04EC0-301F-11D3-BF4B-00C04F79EFBC}") = "CommandPatternBasic1", "CommandPatternBasic1\CommandPatternBasic1.csproj", "{BA30FBFA-5D23-4825-A7AD-C4F197B5718E}"
EndProject
Global
	GlobalSection(SolutionConfigurationPlatforms) = preSolution
		Debug|Any CPU = Debug|Any CPU
		Release|Any CPU = Release|Any CPU
	EndGlobalSection
	GlobalSection(ProjectConfigurationPlatforms) = postSolution
		{BA30FBFA-5D23-4825-A7AD-C4F197B5718E}.Debug|Any CPU.ActiveCfg = Debug|Any CPU
		{BA30FBFA-5D23-4825-A7AD-C4F197B5718E}.Debug|Any CPU.Build.0 = Debug|Any CPU
		{BA30FBFA-5D23-4825-A7AD-C4F197B5718E}.Release|Any CPU.ActiveCfg = Release|Any CPU
		{BA30FBFA-5D23-4825-A7AD-C4F197B5718E}.Release|Any CPU.Build.0 = Release|Any CPU
	EndGlobalSection
	GlobalSection(SolutionProperties) = preSolution
		HideSolutionNode = FALSE
	EndGlobalSection
	GlobalSection(ExtensibilityGlobals) = postSolution
		SolutionGuid = {86E6C709-AFAA-4EBB-88B5-E2843587F9C3}
	EndGlobalSection
EndGlobal
